
Terraform used the selected providers to generate the following execution
plan. Resource actions are indicated with the following symbols:
  + create

Terraform will perform the following actions:

  # module.ec2.aws_instance.app_server will be created
  + resource "aws_instance" "app_server" {
      + ami                                  = "ami-0c4f7023847b90238"
      + arn                                  = (known after apply)
      + associate_public_ip_address          = (known after apply)
      + availability_zone                    = (known after apply)
      + cpu_core_count                       = (known after apply)
      + cpu_threads_per_core                 = (known after apply)
      + disable_api_termination              = (known after apply)
      + ebs_optimized                        = (known after apply)
      + get_password_data                    = false
      + host_id                              = (known after apply)
      + id                                   = (known after apply)
      + instance_initiated_shutdown_behavior = (known after apply)
      + instance_state                       = (known after apply)
      + instance_type                        = "t3.micro"
      + ipv6_address_count                   = (known after apply)
      + ipv6_addresses                       = (known after apply)
      + key_name                             = (known after apply)
      + monitoring                           = (known after apply)
      + outpost_arn                          = (known after apply)
      + password_data                        = (known after apply)
      + placement_group                      = (known after apply)
      + placement_partition_number           = (known after apply)
      + primary_network_interface_id         = (known after apply)
      + private_dns                          = (known after apply)
      + private_ip                           = (known after apply)
      + public_dns                           = (known after apply)
      + public_ip                            = (known after apply)
      + secondary_private_ips                = (known after apply)
      + security_groups                      = (known after apply)
      + source_dest_check                    = true
      + subnet_id                            = (known after apply)
      + tags                                 = {
          + "Name" = "GV Ubuntu 20.04 LTS"
        }
      + tags_all                             = {
          + "Name" = "GV Ubuntu 20.04 LTS"
        }
      + tenancy                              = (known after apply)
      + user_data                            = "112436570540496889f4e64d7a9b6159ff584989"
      + user_data_base64                     = (known after apply)
      + user_data_replace_on_change          = false
      + vpc_security_group_ids               = (known after apply)

      + capacity_reservation_specification {
          + capacity_reservation_preference = (known after apply)

          + capacity_reservation_target {
              + capacity_reservation_id                 = (known after apply)
              + capacity_reservation_resource_group_arn = (known after apply)
            }
        }

      + ebs_block_device {
          + delete_on_termination = (known after apply)
          + device_name           = (known after apply)
          + encrypted             = (known after apply)
          + iops                  = (known after apply)
          + kms_key_id            = (known after apply)
          + snapshot_id           = (known after apply)
          + tags                  = (known after apply)
          + throughput            = (known after apply)
          + volume_id             = (known after apply)
          + volume_size           = (known after apply)
          + volume_type           = (known after apply)
        }

      + enclave_options {
          + enabled = (known after apply)
        }

      + ephemeral_block_device {
          + device_name  = (known after apply)
          + no_device    = (known after apply)
          + virtual_name = (known after apply)
        }

      + maintenance_options {
          + auto_recovery = (known after apply)
        }

      + metadata_options {
          + http_endpoint               = (known after apply)
          + http_put_response_hop_limit = (known after apply)
          + http_tokens                 = (known after apply)
          + instance_metadata_tags      = (known after apply)
        }

      + network_interface {
          + delete_on_termination = (known after apply)
          + device_index          = (known after apply)
          + network_card_index    = (known after apply)
          + network_interface_id  = (known after apply)
        }

      + root_block_device {
          + delete_on_termination = (known after apply)
          + device_name           = (known after apply)
          + encrypted             = (known after apply)
          + iops                  = (known after apply)
          + kms_key_id            = (known after apply)
          + tags                  = (known after apply)
          + throughput            = (known after apply)
          + volume_id             = (known after apply)
          + volume_size           = (known after apply)
          + volume_type           = (known after apply)
        }
    }

  # module.vpc.aws_eip.nat_ip will be created
  + resource "aws_eip" "nat_ip" {
      + allocation_id        = (known after apply)
      + association_id       = (known after apply)
      + carrier_ip           = (known after apply)
      + customer_owned_ip    = (known after apply)
      + domain               = (known after apply)
      + id                   = (known after apply)
      + instance             = (known after apply)
      + network_border_group = (known after apply)
      + network_interface    = (known after apply)
      + private_dns          = (known after apply)
      + private_ip           = (known after apply)
      + public_dns           = (known after apply)
      + public_ip            = (known after apply)
      + public_ipv4_pool     = (known after apply)
      + tags                 = {
          + "Name" = "GV NAT Elastic IP"
        }
      + tags_all             = {
          + "Name" = "GV NAT Elastic IP"
        }
      + vpc                  = true
    }

  # module.vpc.aws_internet_gateway.gw will be created
  + resource "aws_internet_gateway" "gw" {
      + arn      = (known after apply)
      + id       = (known after apply)
      + owner_id = (known after apply)
      + tags     = {
          + "Name" = "GV IGW"
        }
      + tags_all = {
          + "Name" = "GV IGW"
        }
      + vpc_id   = (known after apply)
    }

  # module.vpc.aws_nat_gateway.nat_public will be created
  + resource "aws_nat_gateway" "nat_public" {
      + allocation_id        = (known after apply)
      + connectivity_type    = "public"
      + id                   = (known after apply)
      + network_interface_id = (known after apply)
      + private_ip           = (known after apply)
      + public_ip            = (known after apply)
      + subnet_id            = (known after apply)
      + tags                 = {
          + "Name" = "GV NAT public gw"
        }
      + tags_all             = {
          + "Name" = "GV NAT public gw"
        }
    }

  # module.vpc.aws_route_table.rt-private will be created
  + resource "aws_route_table" "rt-private" {
      + arn              = (known after apply)
      + id               = (known after apply)
      + owner_id         = (known after apply)
      + propagating_vgws = (known after apply)
      + route            = [
          + {
              + carrier_gateway_id         = ""
              + cidr_block                 = "0.0.0.0/0"
              + core_network_arn           = ""
              + destination_prefix_list_id = ""
              + egress_only_gateway_id     = ""
              + gateway_id                 = ""
              + instance_id                = ""
              + ipv6_cidr_block            = ""
              + local_gateway_id           = ""
              + nat_gateway_id             = (known after apply)
              + network_interface_id       = ""
              + transit_gateway_id         = ""
              + vpc_endpoint_id            = ""
              + vpc_peering_connection_id  = ""
            },
        ]
      + tags             = {
          + "Name" = "GV route table private"
        }
      + tags_all         = {
          + "Name" = "GV route table private"
        }
      + vpc_id           = (known after apply)
    }

  # module.vpc.aws_route_table.rt-public will be created
  + resource "aws_route_table" "rt-public" {
      + arn              = (known after apply)
      + id               = (known after apply)
      + owner_id         = (known after apply)
      + propagating_vgws = (known after apply)
      + route            = [
          + {
              + carrier_gateway_id         = ""
              + cidr_block                 = "0.0.0.0/0"
              + core_network_arn           = ""
              + destination_prefix_list_id = ""
              + egress_only_gateway_id     = ""
              + gateway_id                 = (known after apply)
              + instance_id                = ""
              + ipv6_cidr_block            = ""
              + local_gateway_id           = ""
              + nat_gateway_id             = ""
              + network_interface_id       = ""
              + transit_gateway_id         = ""
              + vpc_endpoint_id            = ""
              + vpc_peering_connection_id  = ""
            },
        ]
      + tags             = {
          + "Name" = "GV route table public"
        }
      + tags_all         = {
          + "Name" = "GV route table public"
        }
      + vpc_id           = (known after apply)
    }

  # module.vpc.aws_route_table_association.rta_private will be created
  + resource "aws_route_table_association" "rta_private" {
      + id             = (known after apply)
      + route_table_id = (known after apply)
      + subnet_id      = (known after apply)
    }

  # module.vpc.aws_route_table_association.rta_public will be created
  + resource "aws_route_table_association" "rta_public" {
      + id             = (known after apply)
      + route_table_id = (known after apply)
      + subnet_id      = (known after apply)
    }

  # module.vpc.aws_security_group.inbound will be created
  + resource "aws_security_group" "inbound" {
      + arn                    = (known after apply)
      + description            = "Managed by Terraform"
      + egress                 = (known after apply)
      + id                     = (known after apply)
      + ingress                = [
          + {
              + cidr_blocks      = [
                  + "0.0.0.0/0",
                ]
              + description      = "HTTP"
              + from_port        = 80
              + ipv6_cidr_blocks = []
              + prefix_list_ids  = []
              + protocol         = "tcp"
              + security_groups  = []
              + self             = false
              + to_port          = 80
            },
          + {
              + cidr_blocks      = [
                  + "0.0.0.0/0",
                ]
              + description      = "HTTPS"
              + from_port        = 443
              + ipv6_cidr_blocks = []
              + prefix_list_ids  = []
              + protocol         = "tcp"
              + security_groups  = []
              + self             = false
              + to_port          = 443
            },
          + {
              + cidr_blocks      = [
                  + "212.93.112.80/32",
                ]
              + description      = "SSH"
              + from_port        = 22
              + ipv6_cidr_blocks = []
              + prefix_list_ids  = []
              + protocol         = "tcp"
              + security_groups  = []
              + self             = false
              + to_port          = 22
            },
        ]
      + name                   = "inbound-traffic"
      + name_prefix            = (known after apply)
      + owner_id               = (known after apply)
      + revoke_rules_on_delete = false
      + tags                   = {
          + "Name" = "GV allow_inbound"
        }
      + tags_all               = {
          + "Name" = "GV allow_inbound"
        }
      + vpc_id                 = (known after apply)
    }

  # module.vpc.aws_subnet.private1 will be created
  + resource "aws_subnet" "private1" {
      + arn                                            = (known after apply)
      + assign_ipv6_address_on_creation                = false
      + availability_zone                              = (known after apply)
      + availability_zone_id                           = (known after apply)
      + cidr_block                                     = "10.0.1.0/24"
      + enable_dns64                                   = false
      + enable_resource_name_dns_a_record_on_launch    = false
      + enable_resource_name_dns_aaaa_record_on_launch = false
      + id                                             = (known after apply)
      + ipv6_cidr_block_association_id                 = (known after apply)
      + ipv6_native                                    = false
      + map_public_ip_on_launch                        = false
      + owner_id                                       = (known after apply)
      + private_dns_hostname_type_on_launch            = (known after apply)
      + tags                                           = {
          + "Name" = "GV subnet private1"
        }
      + tags_all                                       = {
          + "Name" = "GV subnet private1"
        }
      + vpc_id                                         = (known after apply)
    }

  # module.vpc.aws_subnet.private2 will be created
  + resource "aws_subnet" "private2" {
      + arn                                            = (known after apply)
      + assign_ipv6_address_on_creation                = false
      + availability_zone                              = (known after apply)
      + availability_zone_id                           = (known after apply)
      + cidr_block                                     = "10.0.2.0/24"
      + enable_dns64                                   = false
      + enable_resource_name_dns_a_record_on_launch    = false
      + enable_resource_name_dns_aaaa_record_on_launch = false
      + id                                             = (known after apply)
      + ipv6_cidr_block_association_id                 = (known after apply)
      + ipv6_native                                    = false
      + map_public_ip_on_launch                        = false
      + owner_id                                       = (known after apply)
      + private_dns_hostname_type_on_launch            = (known after apply)
      + tags                                           = {
          + "Name" = "GV subnet private2"
        }
      + tags_all                                       = {
          + "Name" = "GV subnet private2"
        }
      + vpc_id                                         = (known after apply)
    }

  # module.vpc.aws_subnet.public1 will be created
  + resource "aws_subnet" "public1" {
      + arn                                            = (known after apply)
      + assign_ipv6_address_on_creation                = false
      + availability_zone                              = (known after apply)
      + availability_zone_id                           = (known after apply)
      + cidr_block                                     = "10.0.101.0/24"
      + enable_dns64                                   = false
      + enable_resource_name_dns_a_record_on_launch    = false
      + enable_resource_name_dns_aaaa_record_on_launch = false
      + id                                             = (known after apply)
      + ipv6_cidr_block_association_id                 = (known after apply)
      + ipv6_native                                    = false
      + map_public_ip_on_launch                        = false
      + owner_id                                       = (known after apply)
      + private_dns_hostname_type_on_launch            = (known after apply)
      + tags                                           = {
          + "Name" = "GV subnet public1"
        }
      + tags_all                                       = {
          + "Name" = "GV subnet public1"
        }
      + vpc_id                                         = (known after apply)
    }

  # module.vpc.aws_subnet.public2 will be created
  + resource "aws_subnet" "public2" {
      + arn                                            = (known after apply)
      + assign_ipv6_address_on_creation                = false
      + availability_zone                              = (known after apply)
      + availability_zone_id                           = (known after apply)
      + cidr_block                                     = "10.0.102.0/24"
      + enable_dns64                                   = false
      + enable_resource_name_dns_a_record_on_launch    = false
      + enable_resource_name_dns_aaaa_record_on_launch = false
      + id                                             = (known after apply)
      + ipv6_cidr_block_association_id                 = (known after apply)
      + ipv6_native                                    = false
      + map_public_ip_on_launch                        = false
      + owner_id                                       = (known after apply)
      + private_dns_hostname_type_on_launch            = (known after apply)
      + tags                                           = {
          + "Name" = "GV subnet public2"
        }
      + tags_all                                       = {
          + "Name" = "GV subnet public2"
        }
      + vpc_id                                         = (known after apply)
    }

  # module.vpc.aws_vpc.main will be created
  + resource "aws_vpc" "main" {
      + arn                                  = (known after apply)
      + cidr_block                           = "10.0.0.0/16"
      + default_network_acl_id               = (known after apply)
      + default_route_table_id               = (known after apply)
      + default_security_group_id            = (known after apply)
      + dhcp_options_id                      = (known after apply)
      + enable_classiclink                   = (known after apply)
      + enable_classiclink_dns_support       = (known after apply)
      + enable_dns_hostnames                 = (known after apply)
      + enable_dns_support                   = true
      + id                                   = (known after apply)
      + instance_tenancy                     = "default"
      + ipv6_association_id                  = (known after apply)
      + ipv6_cidr_block                      = (known after apply)
      + ipv6_cidr_block_network_border_group = (known after apply)
      + main_route_table_id                  = (known after apply)
      + owner_id                             = (known after apply)
      + tags                                 = {
          + "Name" = "GV VPC"
        }
      + tags_all                             = {
          + "Name" = "GV VPC"
        }
    }

Plan: 14 to add, 0 to change, 0 to destroy.

─────────────────────────────────────────────────────────────────────────────

Note: You didn't use the -out option to save this plan, so Terraform can't
guarantee to take exactly these actions if you run "terraform apply" now.
